{
  "name": "nuxt-cookie-consent",
  "version": "0.1.0",
  "lockfileVersion": 1,
  "requires": true,
  "dependencies": {
    "@types/cookie": {
      "version": "0.3.3",
      "resolved": "https://registry.npmjs.org/@types/cookie/-/cookie-0.3.3.tgz",
      "integrity": "sha512-LKVP3cgXBT9RYj+t+9FDKwS5tdI+rPBXaNSkma7hvqy35lc7mAokC2zsqWJH0LaqIt3B962nuYI77hsJoT1gow=="
    },
    "cookie": {
      "version": "0.4.1",
      "resolved": "https://registry.npmjs.org/cookie/-/cookie-0.4.1.tgz",
      "integrity": "sha512-ZwrFkGJxUR3EIoXtO+yVE69Eb7KlixbaeAWfBQB9vVsNn/o+Yw69gBWSSDK825hQNdN+wF8zELf3dFNl/kxkUA=="
    },
    "cookie-universal": {
      "version": "2.1.4",
      "resolved": "https://registry.npmjs.org/cookie-universal/-/cookie-universal-2.1.4.tgz",
      "integrity": "sha512-dwWXs7NGBzaBYDypu3jWH5M3NJW+zu5QdyJkFMHJvhLuyL4/eXG4105fwtTDwfIqyTunwVvQX4PHdtfPDS7URQ==",
      "requires": {
        "@types/cookie": "^0.3.3",
        "cookie": "^0.4.0"
      }
    },
    "cookie-universal-nuxt": {
      "version": "2.1.4",
      "resolved": "https://registry.npmjs.org/cookie-universal-nuxt/-/cookie-universal-nuxt-2.1.4.tgz",
      "integrity": "sha512-xbn4Ozs9S0u2+0mQTZRwGlBL9MGNq8N4H6iGfprR5ufZFCS2hGef++3DBHSmHXZi30Wu3Q7RI/GkNMhz3cecmg==",
      "requires": {
        "@types/cookie": "^0.3.3",
        "cookie-universal": "^2.1.4"
      }
    }
  }
}
